
Microsoft Visual Studio Solution File, Format Version 12.00
# Visual Studio Version 17
VisualStudioVersion = 17.10.34916.146
MinimumVisualStudioVersion = 10.0.40219.1
Project("{2150E333-8FDC-42A3-9474-1A3956D46DE8}") = "Services", "Services", "{EDC2DCCD-8A19-4BAD-97F5-75141199CACB}"
EndProject
Project("{2150E333-8FDC-42A3-9474-1A3956D46DE8}") = "Catalog", "Catalog", "{27464005-A6E9-4151-A381-A030D7B6C7A2}"
EndProject
Project("{9A19103F-16F7-4668-BE54-9A1E7A4F7556}") = "Catalog.API", "Services\Catalog\Catalog.API\Catalog.API.csproj", "{903B0C6E-CD3B-43B7-A39D-BCC59633B3CD}"
EndProject
Project("{2150E333-8FDC-42A3-9474-1A3956D46DE8}") = "BuildingBlocks", "BuildingBlocks", "{253544BB-C889-45CD-96A4-84FAAC6BB93C}"
EndProject
Project("{9A19103F-16F7-4668-BE54-9A1E7A4F7556}") = "BuildingBlocks", "BuildingBlocks\BuildingBlocks\BuildingBlocks.csproj", "{4F11D83F-46E3-4A4B-8C01-822120479D88}"
EndProject
Project("{E53339B2-1760-4266-BCC7-CA923CBCF16C}") = "docker-compose", "docker-compose.dcproj", "{22C15995-7415-41F2-9D87-ED061D7B4E6A}"
EndProject
Project("{2150E333-8FDC-42A3-9474-1A3956D46DE8}") = "Basket", "Basket", "{62D715B9-A128-4E0B-987C-E58A02EF148F}"
EndProject
Project("{9A19103F-16F7-4668-BE54-9A1E7A4F7556}") = "Basket.API", "Services\Basket\Basket.API\Basket.API.csproj", "{0CD96AC4-A7FA-413C-B65B-B38E9A44ECCA}"
EndProject
Project("{2150E333-8FDC-42A3-9474-1A3956D46DE8}") = "Discount", "Discount", "{461217E2-D8B9-41C6-94D7-D3540271FBC4}"
EndProject
Project("{9A19103F-16F7-4668-BE54-9A1E7A4F7556}") = "Discount.Grpc", "Services\Discount\Discount.Grpc\Discount.Grpc.csproj", "{05397143-66BF-4B11-94B0-CB04BEB43B26}"
EndProject
Project("{2150E333-8FDC-42A3-9474-1A3956D46DE8}") = "Ordering", "Ordering", "{3963FDC9-11F3-460F-96B2-C66968F798B7}"
EndProject
Project("{FAE04EC0-301F-11D3-BF4B-00C04F79EFBC}") = "Ordering.API", "Services\Ordering\Ordering.API\Ordering.API.csproj", "{C4D0F6CA-F0B2-42DA-9325-430767DB8254}"
EndProject
Global
	GlobalSection(SolutionConfigurationPlatforms) = preSolution
		Debug|Any CPU = Debug|Any CPU
		Release|Any CPU = Release|Any CPU
	EndGlobalSection
	GlobalSection(ProjectConfigurationPlatforms) = postSolution
		{903B0C6E-CD3B-43B7-A39D-BCC59633B3CD}.Debug|Any CPU.ActiveCfg = Debug|Any CPU
		{903B0C6E-CD3B-43B7-A39D-BCC59633B3CD}.Debug|Any CPU.Build.0 = Debug|Any CPU
		{903B0C6E-CD3B-43B7-A39D-BCC59633B3CD}.Release|Any CPU.ActiveCfg = Release|Any CPU
		{903B0C6E-CD3B-43B7-A39D-BCC59633B3CD}.Release|Any CPU.Build.0 = Release|Any CPU
		{4F11D83F-46E3-4A4B-8C01-822120479D88}.Debug|Any CPU.ActiveCfg = Debug|Any CPU
		{4F11D83F-46E3-4A4B-8C01-822120479D88}.Debug|Any CPU.Build.0 = Debug|Any CPU
		{4F11D83F-46E3-4A4B-8C01-822120479D88}.Release|Any CPU.ActiveCfg = Release|Any CPU
		{4F11D83F-46E3-4A4B-8C01-822120479D88}.Release|Any CPU.Build.0 = Release|Any CPU
		{22C15995-7415-41F2-9D87-ED061D7B4E6A}.Debug|Any CPU.ActiveCfg = Debug|Any CPU
		{22C15995-7415-41F2-9D87-ED061D7B4E6A}.Debug|Any CPU.Build.0 = Debug|Any CPU
		{22C15995-7415-41F2-9D87-ED061D7B4E6A}.Release|Any CPU.ActiveCfg = Release|Any CPU
		{22C15995-7415-41F2-9D87-ED061D7B4E6A}.Release|Any CPU.Build.0 = Release|Any CPU
		{0CD96AC4-A7FA-413C-B65B-B38E9A44ECCA}.Debug|Any CPU.ActiveCfg = Debug|Any CPU
		{0CD96AC4-A7FA-413C-B65B-B38E9A44ECCA}.Debug|Any CPU.Build.0 = Debug|Any CPU
		{0CD96AC4-A7FA-413C-B65B-B38E9A44ECCA}.Release|Any CPU.ActiveCfg = Release|Any CPU
		{0CD96AC4-A7FA-413C-B65B-B38E9A44ECCA}.Release|Any CPU.Build.0 = Release|Any CPU
		{05397143-66BF-4B11-94B0-CB04BEB43B26}.Debug|Any CPU.ActiveCfg = Debug|Any CPU
		{05397143-66BF-4B11-94B0-CB04BEB43B26}.Debug|Any CPU.Build.0 = Debug|Any CPU
		{05397143-66BF-4B11-94B0-CB04BEB43B26}.Release|Any CPU.ActiveCfg = Release|Any CPU
		{05397143-66BF-4B11-94B0-CB04BEB43B26}.Release|Any CPU.Build.0 = Release|Any CPU
		{C4D0F6CA-F0B2-42DA-9325-430767DB8254}.Debug|Any CPU.ActiveCfg = Debug|Any CPU
		{C4D0F6CA-F0B2-42DA-9325-430767DB8254}.Debug|Any CPU.Build.0 = Debug|Any CPU
		{C4D0F6CA-F0B2-42DA-9325-430767DB8254}.Release|Any CPU.ActiveCfg = Release|Any CPU
		{C4D0F6CA-F0B2-42DA-9325-430767DB8254}.Release|Any CPU.Build.0 = Release|Any CPU
	EndGlobalSection
	GlobalSection(SolutionProperties) = preSolution
		HideSolutionNode = FALSE
	EndGlobalSection
	GlobalSection(NestedProjects) = preSolution
		{27464005-A6E9-4151-A381-A030D7B6C7A2} = {EDC2DCCD-8A19-4BAD-97F5-75141199CACB}
		{903B0C6E-CD3B-43B7-A39D-BCC59633B3CD} = {27464005-A6E9-4151-A381-A030D7B6C7A2}
		{4F11D83F-46E3-4A4B-8C01-822120479D88} = {253544BB-C889-45CD-96A4-84FAAC6BB93C}
		{62D715B9-A128-4E0B-987C-E58A02EF148F} = {EDC2DCCD-8A19-4BAD-97F5-75141199CACB}
		{0CD96AC4-A7FA-413C-B65B-B38E9A44ECCA} = {62D715B9-A128-4E0B-987C-E58A02EF148F}
		{461217E2-D8B9-41C6-94D7-D3540271FBC4} = {EDC2DCCD-8A19-4BAD-97F5-75141199CACB}
		{05397143-66BF-4B11-94B0-CB04BEB43B26} = {461217E2-D8B9-41C6-94D7-D3540271FBC4}
		{3963FDC9-11F3-460F-96B2-C66968F798B7} = {EDC2DCCD-8A19-4BAD-97F5-75141199CACB}
		{C4D0F6CA-F0B2-42DA-9325-430767DB8254} = {3963FDC9-11F3-460F-96B2-C66968F798B7}
	EndGlobalSection
	GlobalSection(ExtensibilityGlobals) = postSolution
		SolutionGuid = {12194FCE-6039-4803-8918-99462DE7DAD7}
	EndGlobalSection
EndGlobal
